
Microsoft Visual Studio Solution File, Format Version 12.00
# Visual Studio Version 17
VisualStudioVersion = 17.1.32228.430
MinimumVisualStudioVersion = 10.0.40219.1
Project("{FAE04EC0-301F-11D3-BF4B-00C04F79EFBC}") = "Contacts.UWP", "Contacts.UWP\Contacts.UWP.csproj", "{BDE6E65A-3A74-4A46-8841-7CB04499256F}"
EndProject
Project("{FAE04EC0-301F-11D3-BF4B-00C04F79EFBC}") = "Contacts.Android", "Contacts.Android\Contacts.Android.csproj", "{84DC4836-E300-412E-9C4D-9A0695F4F5A0}"
EndProject
Project("{FAE04EC0-301F-11D3-BF4B-00C04F79EFBC}") = "Contacts.iOS", "Contacts.iOS\Contacts.iOS.csproj", "{A168A272-8F44-4551-8D0E-5038B8678560}"
EndProject
Project("{FAE04EC0-301F-11D3-BF4B-00C04F79EFBC}") = "Contacts", "Contacts\Contacts.csproj", "{6A73589F-BCC9-4DC0-974E-C4ABA7E1BA01}"
EndProject
Global
	GlobalSection(SolutionConfigurationPlatforms) = preSolution
		Debug|Any CPU = Debug|Any CPU
		Debug|ARM = Debug|ARM
		Debug|iPhone = Debug|iPhone
		Debug|iPhoneSimulator = Debug|iPhoneSimulator
		Debug|x64 = Debug|x64
		Debug|x86 = Debug|x86
		Release|Any CPU = Release|Any CPU
		Release|ARM = Release|ARM
		Release|iPhone = Release|iPhone
		Release|iPhoneSimulator = Release|iPhoneSimulator
		Release|x64 = Release|x64
		Release|x86 = Release|x86
	EndGlobalSection
	GlobalSection(ProjectConfigurationPlatforms) = postSolution
		{BDE6E65A-3A74-4A46-8841-7CB04499256F}.Debug|Any CPU.ActiveCfg = Debug|x64
		{BDE6E65A-3A74-4A46-8841-7CB04499256F}.Debug|Any CPU.Build.0 = Debug|x64
		{BDE6E65A-3A74-4A46-8841-7CB04499256F}.Debug|Any CPU.Deploy.0 = Debug|x64
		{BDE6E65A-3A74-4A46-8841-7CB04499256F}.Debug|ARM.ActiveCfg = Debug|ARM
		{BDE6E65A-3A74-4A46-8841-7CB04499256F}.Debug|ARM.Build.0 = Debug|ARM
		{BDE6E65A-3A74-4A46-8841-7CB04499256F}.Debug|ARM.Deploy.0 = Debug|ARM
		{BDE6E65A-3A74-4A46-8841-7CB04499256F}.Debug|iPhone.ActiveCfg = Debug|x64
		{BDE6E65A-3A74-4A46-8841-7CB04499256F}.Debug|iPhone.Build.0 = Debug|x64
		{BDE6E65A-3A74-4A46-8841-7CB04499256F}.Debug|iPhone.Deploy.0 = Debug|x64
		{BDE6E65A-3A74-4A46-8841-7CB04499256F}.Debug|iPhoneSimulator.ActiveCfg = Debug|x64
		{BDE6E65A-3A74-4A46-8841-7CB04499256F}.Debug|iPhoneSimulator.Build.0 = Debug|x64
		{BDE6E65A-3A74-4A46-8841-7CB04499256F}.Debug|iPhoneSimulator.Deploy.0 = Debug|x64
		{BDE6E65A-3A74-4A46-8841-7CB04499256F}.Debug|x64.ActiveCfg = Debug|x64
		{BDE6E65A-3A74-4A46-8841-7CB04499256F}.Debug|x64.Build.0 = Debug|x64
		{BDE6E65A-3A74-4A46-8841-7CB04499256F}.Debug|x64.Deploy.0 = Debug|x64
		{BDE6E65A-3A74-4A46-8841-7CB04499256F}.Debug|x86.ActiveCfg = Debug|x86
		{BDE6E65A-3A74-4A46-8841-7CB04499256F}.Debug|x86.Build.0 = Debug|x86
		{BDE6E65A-3A74-4A46-8841-7CB04499256F}.Debug|x86.Deploy.0 = Debug|x86
		{BDE6E65A-3A74-4A46-8841-7CB04499256F}.Release|Any CPU.ActiveCfg = Release|x64
		{BDE6E65A-3A74-4A46-8841-7CB04499256F}.Release|Any CPU.Build.0 = Release|x64
		{BDE6E65A-3A74-4A46-8841-7CB04499256F}.Release|Any CPU.Deploy.0 = Release|x64
		{BDE6E65A-3A74-4A46-8841-7CB04499256F}.Release|ARM.ActiveCfg = Release|ARM
		{BDE6E65A-3A74-4A46-8841-7CB04499256F}.Release|ARM.Build.0 = Release|ARM
		{BDE6E65A-3A74-4A46-8841-7CB04499256F}.Release|ARM.Deploy.0 = Release|ARM
		{BDE6E65A-3A74-4A46-8841-7CB04499256F}.Release|iPhone.ActiveCfg = Release|x64
		{BDE6E65A-3A74-4A46-8841-7CB04499256F}.Release|iPhone.Build.0 = Release|x64
		{BDE6E65A-3A74-4A46-8841-7CB04499256F}.Release|iPhone.Deploy.0 = Release|x64
		{BDE6E65A-3A74-4A46-8841-7CB04499256F}.Release|iPhoneSimulator.ActiveCfg = Release|x64
		{BDE6E65A-3A74-4A46-8841-7CB04499256F}.Release|iPhoneSimulator.Build.0 = Release|x64
		{BDE6E65A-3A74-4A46-8841-7CB04499256F}.Release|iPhoneSimulator.Deploy.0 = Release|x64
		{BDE6E65A-3A74-4A46-8841-7CB04499256F}.Release|x64.ActiveCfg = Release|x64
		{BDE6E65A-3A74-4A46-8841-7CB04499256F}.Release|x64.Build.0 = Release|x64
		{BDE6E65A-3A74-4A46-8841-7CB04499256F}.Release|x64.Deploy.0 = Release|x64
		{BDE6E65A-3A74-4A46-8841-7CB04499256F}.Release|x86.ActiveCfg = Release|x86
		{BDE6E65A-3A74-4A46-8841-7CB04499256F}.Release|x86.Build.0 = Release|x86
		{BDE6E65A-3A74-4A46-8841-7CB04499256F}.Release|x86.Deploy.0 = Release|x86
		{84DC4836-E300-412E-9C4D-9A0695F4F5A0}.Debug|Any CPU.ActiveCfg = Debug|Any CPU
		{84DC4836-E300-412E-9C4D-9A0695F4F5A0}.Debug|Any CPU.Build.0 = Debug|Any CPU
		{84DC4836-E300-412E-9C4D-9A0695F4F5A0}.Debug|Any CPU.Deploy.0 = Debug|Any CPU
		{84DC4836-E300-412E-9C4D-9A0695F4F5A0}.Debug|ARM.ActiveCfg = Debug|Any CPU
		{84DC4836-E300-412E-9C4D-9A0695F4F5A0}.Debug|ARM.Build.0 = Debug|Any CPU
		{84DC4836-E300-412E-9C4D-9A0695F4F5A0}.Debug|ARM.Deploy.0 = Debug|Any CPU
		{84DC4836-E300-412E-9C4D-9A0695F4F5A0}.Debug|iPhone.ActiveCfg = Debug|Any CPU
		{84DC4836-E300-412E-9C4D-9A0695F4F5A0}.Debug|iPhone.Build.0 = Debug|Any CPU
		{84DC4836-E300-412E-9C4D-9A0695F4F5A0}.Debug|iPhone.Deploy.0 = Debug|Any CPU
		{84DC4836-E300-412E-9C4D-9A0695F4F5A0}.Debug|iPhoneSimulator.ActiveCfg = Debug|Any CPU
		{84DC4836-E300-412E-9C4D-9A0695F4F5A0}.Debug|iPhoneSimulator.Build.0 = Debug|Any CPU
		{84DC4836-E300-412E-9C4D-9A0695F4F5A0}.Debug|iPhoneSimulator.Deploy.0 = Debug|Any CPU
		{84DC4836-E300-412E-9C4D-9A0695F4F5A0}.Debug|x64.ActiveCfg = Debug|Any CPU
		{84DC4836-E300-412E-9C4D-9A0695F4F5A0}.Debug|x64.Build.0 = Debug|Any CPU
		{84DC4836-E300-412E-9C4D-9A0695F4F5A0}.Debug|x64.Deploy.0 = Debug|Any CPU
		{84DC4836-E300-412E-9C4D-9A0695F4F5A0}.Debug|x86.ActiveCfg = Debug|Any CPU
		{84DC4836-E300-412E-9C4D-9A0695F4F5A0}.Debug|x86.Build.0 = Debug|Any CPU
		{84DC4836-E300-412E-9C4D-9A0695F4F5A0}.Debug|x86.Deploy.0 = Debug|Any CPU
		{84DC4836-E300-412E-9C4D-9A0695F4F5A0}.Release|Any CPU.ActiveCfg = Release|Any CPU
		{84DC4836-E300-412E-9C4D-9A0695F4F5A0}.Release|Any CPU.Build.0 = Release|Any CPU
		{84DC4836-E300-412E-9C4D-9A0695F4F5A0}.Release|Any CPU.Deploy.0 = Release|Any CPU
		{84DC4836-E300-412E-9C4D-9A0695F4F5A0}.Release|ARM.ActiveCfg = Release|Any CPU
		{84DC4836-E300-412E-9C4D-9A0695F4F5A0}.Release|ARM.Build.0 = Release|Any CPU
		{84DC4836-E300-412E-9C4D-9A0695F4F5A0}.Release|ARM.Deploy.0 = Release|Any CPU
		{84DC4836-E300-412E-9C4D-9A0695F4F5A0}.Release|iPhone.ActiveCfg = Release|Any CPU
		{84DC4836-E300-412E-9C4D-9A0695F4F5A0}.Release|iPhone.Build.0 = Release|Any CPU
		{84DC4836-E300-412E-9C4D-9A0695F4F5A0}.Release|iPhone.Deploy.0 = Release|Any CPU
		{84DC4836-E300-412E-9C4D-9A0695F4F5A0}.Release|iPhoneSimulator.ActiveCfg = Release|Any CPU
		{84DC4836-E300-412E-9C4D-9A0695F4F5A0}.Release|iPhoneSimulator.Build.0 = Release|Any CPU
		{84DC4836-E300-412E-9C4D-9A0695F4F5A0}.Release|iPhoneSimulator.Deploy.0 = Release|Any CPU
		{84DC4836-E300-412E-9C4D-9A0695F4F5A0}.Release|x64.ActiveCfg = Release|Any CPU
		{84DC4836-E300-412E-9C4D-9A0695F4F5A0}.Release|x64.Build.0 = Release|Any CPU
		{84DC4836-E300-412E-9C4D-9A0695F4F5A0}.Release|x64.Deploy.0 = Release|Any CPU
		{84DC4836-E300-412E-9C4D-9A0695F4F5A0}.Release|x86.ActiveCfg = Release|Any CPU
		{84DC4836-E300-412E-9C4D-9A0695F4F5A0}.Release|x86.Build.0 = Release|Any CPU
		{84DC4836-E300-412E-9C4D-9A0695F4F5A0}.Release|x86.Deploy.0 = Release|Any CPU
		{A168A272-8F44-4551-8D0E-5038B8678560}.Debug|Any CPU.ActiveCfg = Debug|iPhoneSimulator
		{A168A272-8F44-4551-8D0E-5038B8678560}.Debug|Any CPU.Build.0 = Debug|iPhoneSimulator
		{A168A272-8F44-4551-8D0E-5038B8678560}.Debug|Any CPU.Deploy.0 = Debug|iPhoneSimulator
		{A168A272-8F44-4551-8D0E-5038B8678560}.Debug|ARM.ActiveCfg = Debug|iPhoneSimulator
		{A168A272-8F44-4551-8D0E-5038B8678560}.Debug|ARM.Build.0 = Debug|iPhoneSimulator
		{A168A272-8F44-4551-8D0E-5038B8678560}.Debug|ARM.Deploy.0 = Debug|iPhoneSimulator
		{A168A272-8F44-4551-8D0E-5038B8678560}.Debug|iPhone.ActiveCfg = Debug|iPhone
		{A168A272-8F44-4551-8D0E-5038B8678560}.Debug|iPhone.Build.0 = Debug|iPhone
		{A168A272-8F44-4551-8D0E-5038B8678560}.Debug|iPhone.Deploy.0 = Debug|iPhone
		{A168A272-8F44-4551-8D0E-5038B8678560}.Debug|iPhoneSimulator.ActiveCfg = Debug|iPhoneSimulator
		{A168A272-8F44-4551-8D0E-5038B8678560}.Debug|iPhoneSimulator.Build.0 = Debug|iPhoneSimulator
		{A168A272-8F44-4551-8D0E-5038B8678560}.Debug|iPhoneSimulator.Deploy.0 = Debug|iPhoneSimulator
		{A168A272-8F44-4551-8D0E-5038B8678560}.Debug|x64.ActiveCfg = Debug|iPhone
		{A168A272-8F44-4551-8D0E-5038B8678560}.Debug|x64.Build.0 = Debug|iPhone
		{A168A272-8F44-4551-8D0E-5038B8678560}.Debug|x64.Deploy.0 = Debug|iPhone
		{A168A272-8F44-4551-8D0E-5038B8678560}.Debug|x86.ActiveCfg = Debug|iPhoneSimulator
		{A168A272-8F44-4551-8D0E-5038B8678560}.Debug|x86.Build.0 = Debug|iPhoneSimulator
		{A168A272-8F44-4551-8D0E-5038B8678560}.Debug|x86.Deploy.0 = Debug|iPhoneSimulator
		{A168A272-8F44-4551-8D0E-5038B8678560}.Release|Any CPU.ActiveCfg = Release|iPhoneSimulator
		{A168A272-8F44-4551-8D0E-5038B8678560}.Release|Any CPU.Build.0 = Release|iPhoneSimulator
		{A168A272-8F44-4551-8D0E-5038B8678560}.Release|Any CPU.Deploy.0 = Release|iPhoneSimulator
		{A168A272-8F44-4551-8D0E-5038B8678560}.Release|ARM.ActiveCfg = Release|iPhoneSimulator
		{A168A272-8F44-4551-8D0E-5038B8678560}.Release|ARM.Build.0 = Release|iPhoneSimulator
		{A168A272-8F44-4551-8D0E-5038B8678560}.Release|ARM.Deploy.0 = Release|iPhoneSimulator
		{A168A272-8F44-4551-8D0E-5038B8678560}.Release|iPhone.ActiveCfg = Release|iPhone
		{A168A272-8F44-4551-8D0E-5038B8678560}.Release|iPhone.Build.0 = Release|iPhone
		{A168A272-8F44-4551-8D0E-5038B8678560}.Release|iPhone.Deploy.0 = Release|iPhone
		{A168A272-8F44-4551-8D0E-5038B8678560}.Release|iPhoneSimulator.ActiveCfg = Release|iPhoneSimulator
		{A168A272-8F44-4551-8D0E-5038B8678560}.Release|iPhoneSimulator.Build.0 = Release|iPhoneSimulator
		{A168A272-8F44-4551-8D0E-5038B8678560}.Release|iPhoneSimulator.Deploy.0 = Release|iPhoneSimulator
		{A168A272-8F44-4551-8D0E-5038B8678560}.Release|x64.ActiveCfg = Release|iPhoneSimulator
		{A168A272-8F44-4551-8D0E-5038B8678560}.Release|x64.Build.0 = Release|iPhoneSimulator
		{A168A272-8F44-4551-8D0E-5038B8678560}.Release|x64.Deploy.0 = Release|iPhoneSimulator
		{A168A272-8F44-4551-8D0E-5038B8678560}.Release|x86.ActiveCfg = Release|iPhoneSimulator
		{A168A272-8F44-4551-8D0E-5038B8678560}.Release|x86.Build.0 = Release|iPhoneSimulator
		{A168A272-8F44-4551-8D0E-5038B8678560}.Release|x86.Deploy.0 = Release|iPhoneSimulator
		{6A73589F-BCC9-4DC0-974E-C4ABA7E1BA01}.Debug|Any CPU.ActiveCfg = Debug|Any CPU
		{6A73589F-BCC9-4DC0-974E-C4ABA7E1BA01}.Debug|Any CPU.Build.0 = Debug|Any CPU
		{6A73589F-BCC9-4DC0-974E-C4ABA7E1BA01}.Debug|Any CPU.Deploy.0 = Debug|Any CPU
		{6A73589F-BCC9-4DC0-974E-C4ABA7E1BA01}.Debug|ARM.ActiveCfg = Debug|Any CPU
		{6A73589F-BCC9-4DC0-974E-C4ABA7E1BA01}.Debug|ARM.Build.0 = Debug|Any CPU
		{6A73589F-BCC9-4DC0-974E-C4ABA7E1BA01}.Debug|ARM.Deploy.0 = Debug|Any CPU
		{6A73589F-BCC9-4DC0-974E-C4ABA7E1BA01}.Debug|iPhone.ActiveCfg = Debug|Any CPU
		{6A73589F-BCC9-4DC0-974E-C4ABA7E1BA01}.Debug|iPhone.Build.0 = Debug|Any CPU
		{6A73589F-BCC9-4DC0-974E-C4ABA7E1BA01}.Debug|iPhone.Deploy.0 = Debug|Any CPU
		{6A73589F-BCC9-4DC0-974E-C4ABA7E1BA01}.Debug|iPhoneSimulator.ActiveCfg = Debug|Any CPU
		{6A73589F-BCC9-4DC0-974E-C4ABA7E1BA01}.Debug|iPhoneSimulator.Build.0 = Debug|Any CPU
		{6A73589F-BCC9-4DC0-974E-C4ABA7E1BA01}.Debug|iPhoneSimulator.Deploy.0 = Debug|Any CPU
		{6A73589F-BCC9-4DC0-974E-C4ABA7E1BA01}.Debug|x64.ActiveCfg = Debug|Any CPU
		{6A73589F-BCC9-4DC0-974E-C4ABA7E1BA01}.Debug|x64.Build.0 = Debug|Any CPU
		{6A73589F-BCC9-4DC0-974E-C4ABA7E1BA01}.Debug|x64.Deploy.0 = Debug|Any CPU
		{6A73589F-BCC9-4DC0-974E-C4ABA7E1BA01}.Debug|x86.ActiveCfg = Debug|Any CPU
		{6A73589F-BCC9-4DC0-974E-C4ABA7E1BA01}.Debug|x86.Build.0 = Debug|Any CPU
		{6A73589F-BCC9-4DC0-974E-C4ABA7E1BA01}.Debug|x86.Deploy.0 = Debug|Any CPU
		{6A73589F-BCC9-4DC0-974E-C4ABA7E1BA01}.Release|Any CPU.ActiveCfg = Release|Any CPU
		{6A73589F-BCC9-4DC0-974E-C4ABA7E1BA01}.Release|Any CPU.Build.0 = Release|Any CPU
		{6A73589F-BCC9-4DC0-974E-C4ABA7E1BA01}.Release|Any CPU.Deploy.0 = Release|Any CPU
		{6A73589F-BCC9-4DC0-974E-C4ABA7E1BA01}.Release|ARM.ActiveCfg = Release|Any CPU
		{6A73589F-BCC9-4DC0-974E-C4ABA7E1BA01}.Release|ARM.Build.0 = Release|Any CPU
		{6A73589F-BCC9-4DC0-974E-C4ABA7E1BA01}.Release|ARM.Deploy.0 = Release|Any CPU
		{6A73589F-BCC9-4DC0-974E-C4ABA7E1BA01}.Release|iPhone.ActiveCfg = Release|Any CPU
		{6A73589F-BCC9-4DC0-974E-C4ABA7E1BA01}.Release|iPhone.Build.0 = Release|Any CPU
		{6A73589F-BCC9-4DC0-974E-C4ABA7E1BA01}.Release|iPhone.Deploy.0 = Release|Any CPU
		{6A73589F-BCC9-4DC0-974E-C4ABA7E1BA01}.Release|iPhoneSimulator.ActiveCfg = Release|Any CPU
		{6A73589F-BCC9-4DC0-974E-C4ABA7E1BA01}.Release|iPhoneSimulator.Build.0 = Release|Any CPU
		{6A73589F-BCC9-4DC0-974E-C4ABA7E1BA01}.Release|iPhoneSimulator.Deploy.0 = Release|Any CPU
		{6A73589F-BCC9-4DC0-974E-C4ABA7E1BA01}.Release|x64.ActiveCfg = Release|Any CPU
		{6A73589F-BCC9-4DC0-974E-C4ABA7E1BA01}.Release|x64.Build.0 = Release|Any CPU
		{6A73589F-BCC9-4DC0-974E-C4ABA7E1BA01}.Release|x64.Deploy.0 = Release|Any CPU
		{6A73589F-BCC9-4DC0-974E-C4ABA7E1BA01}.Release|x86.ActiveCfg = Release|Any CPU
		{6A73589F-BCC9-4DC0-974E-C4ABA7E1BA01}.Release|x86.Build.0 = Release|Any CPU
		{6A73589F-BCC9-4DC0-974E-C4ABA7E1BA01}.Release|x86.Deploy.0 = Release|Any CPU
	EndGlobalSection
	GlobalSection(SolutionProperties) = preSolution
		HideSolutionNode = FALSE
	EndGlobalSection
	GlobalSection(ExtensibilityGlobals) = postSolution
		SolutionGuid = {B13451DC-C848-43E0-BC93-033EE8A5317A}
	EndGlobalSection
EndGlobal
